
Microsoft Visual Studio Solution File, Format Version 12.00
# Visual Studio Version 16
VisualStudioVersion = 16.0.31112.23
MinimumVisualStudioVersion = 10.0.40219.1
Project("{FAE04EC0-301F-11D3-BF4B-00C04F79EFBC}") = "TeamsBattle", "TeamsBattle\TeamsBattle.csproj", "{018B2662-BB55-4FED-A7D0-6C23974A6DEE}"
EndProject
Global
	GlobalSection(SolutionConfigurationPlatforms) = preSolution
		Debug|Any CPU = Debug|Any CPU
		Release|Any CPU = Release|Any CPU
	EndGlobalSection
	GlobalSection(ProjectConfigurationPlatforms) = postSolution
		{018B2662-BB55-4FED-A7D0-6C23974A6DEE}.Debug|Any CPU.ActiveCfg = Debug|Any CPU
		{018B2662-BB55-4FED-A7D0-6C23974A6DEE}.Debug|Any CPU.Build.0 = Debug|Any CPU
		{018B2662-BB55-4FED-A7D0-6C23974A6DEE}.Release|Any CPU.ActiveCfg = Release|Any CPU
		{018B2662-BB55-4FED-A7D0-6C23974A6DEE}.Release|Any CPU.Build.0 = Release|Any CPU
	EndGlobalSection
	GlobalSection(SolutionProperties) = preSolution
		HideSolutionNode = FALSE
	EndGlobalSection
	GlobalSection(ExtensibilityGlobals) = postSolution
		SolutionGuid = {F7E154C3-E7B8-4625-9B13-34EA8F05D3A5}
	EndGlobalSection
EndGlobal
